// !$*UTF8*$!
{
	archiveVersion = 1;
	classes = {
	};
	objectVersion = 55;
	objects = {

/* Begin PBXBuildFile section */
		F51D3D5428AC378000C01B1A /* NavigationBarWrapperView.swift in Sources */ = {isa = PBXBuildFile; fileRef = F51D3D5328AC378000C01B1A /* NavigationBarWrapperView.swift */; };
		F54A271428983D2100586CE8 /* PayRowView.swift in Sources */ = {isa = PBXBuildFile; fileRef = F54A271328983D2100586CE8 /* PayRowView.swift */; };
		F5858E9D28A6DC9800418201 /* TabBarIcon.swift in Sources */ = {isa = PBXBuildFile; fileRef = F5858E9C28A6DC9800418201 /* TabBarIcon.swift */; };
		F5858EA028A76E6900418201 /* BottomSheet in Frameworks */ = {isa = PBXBuildFile; productRef = F5858E9F28A76E6900418201 /* BottomSheet */; };
		F5858EA228A78CE700418201 /* TabBarView.swift in Sources */ = {isa = PBXBuildFile; fileRef = F5858EA128A78CE700418201 /* TabBarView.swift */; };
		F5858EA528A7908800418201 /* AddPayView.swift in Sources */ = {isa = PBXBuildFile; fileRef = F5858EA428A7908700418201 /* AddPayView.swift */; };
		F586BC3C28907B4600756D6C /* money_tell_iosApp.swift in Sources */ = {isa = PBXBuildFile; fileRef = F586BC3B28907B4600756D6C /* money_tell_iosApp.swift */; };
		F586BC3E28907B4600756D6C /* ContentView.swift in Sources */ = {isa = PBXBuildFile; fileRef = F586BC3D28907B4600756D6C /* ContentView.swift */; };
		F586BC4028907B4A00756D6C /* Assets.xcassets in Resources */ = {isa = PBXBuildFile; fileRef = F586BC3F28907B4A00756D6C /* Assets.xcassets */; };
		F586BC4328907B4A00756D6C /* Preview Assets.xcassets in Resources */ = {isa = PBXBuildFile; fileRef = F586BC4228907B4A00756D6C /* Preview Assets.xcassets */; };
		F5DFE809289591DE00C66520 /* PaysTabView.swift in Sources */ = {isa = PBXBuildFile; fileRef = F5DFE808289591DE00C66520 /* PaysTabView.swift */; };
		F5DFE80D289593D100C66520 /* PayAPI.swift in Sources */ = {isa = PBXBuildFile; fileRef = F5DFE80C289593D100C66520 /* PayAPI.swift */; };
		F5FC33D8289AE45600481476 /* PagingData.swift in Sources */ = {isa = PBXBuildFile; fileRef = F5FC33D7289AE45600481476 /* PagingData.swift */; };
		F5FC33DD289AE7EA00481476 /* PaysViewModel.swift in Sources */ = {isa = PBXBuildFile; fileRef = F5FC33DC289AE7EA00481476 /* PaysViewModel.swift */; };
/* End PBXBuildFile section */

/* Begin PBXFileReference section */
		F51D3D5328AC378000C01B1A /* NavigationBarWrapperView.swift */ = {isa = PBXFileReference; lastKnownFileType = sourcecode.swift; path = NavigationBarWrapperView.swift; sourceTree = "<group>"; };
		F54A271328983D2100586CE8 /* PayRowView.swift */ = {isa = PBXFileReference; lastKnownFileType = sourcecode.swift; path = PayRowView.swift; sourceTree = "<group>"; };
		F5858E9C28A6DC9800418201 /* TabBarIcon.swift */ = {isa = PBXFileReference; lastKnownFileType = sourcecode.swift; path = TabBarIcon.swift; sourceTree = "<group>"; };
		F5858EA128A78CE700418201 /* TabBarView.swift */ = {isa = PBXFileReference; lastKnownFileType = sourcecode.swift; path = TabBarView.swift; sourceTree = "<group>"; };
		F5858EA428A7908700418201 /* AddPayView.swift */ = {isa = PBXFileReference; lastKnownFileType = sourcecode.swift; path = AddPayView.swift; sourceTree = "<group>"; };
		F586BC3828907B4600756D6C /* money-tell-ios.app */ = {isa = PBXFileReference; explicitFileType = wrapper.application; includeInIndex = 0; path = "money-tell-ios.app"; sourceTree = BUILT_PRODUCTS_DIR; };
		F586BC3B28907B4600756D6C /* money_tell_iosApp.swift */ = {isa = PBXFileReference; lastKnownFileType = sourcecode.swift; path = money_tell_iosApp.swift; sourceTree = "<group>"; };
		F586BC3D28907B4600756D6C /* ContentView.swift */ = {isa = PBXFileReference; lastKnownFileType = sourcecode.swift; path = ContentView.swift; sourceTree = "<group>"; };
		F586BC3F28907B4A00756D6C /* Assets.xcassets */ = {isa = PBXFileReference; lastKnownFileType = folder.assetcatalog; path = Assets.xcassets; sourceTree = "<group>"; };
		F586BC4228907B4A00756D6C /* Preview Assets.xcassets */ = {isa = PBXFileReference; lastKnownFileType = folder.assetcatalog; path = "Preview Assets.xcassets"; sourceTree = "<group>"; };
		F5DFE808289591DE00C66520 /* PaysTabView.swift */ = {isa = PBXFileReference; lastKnownFileType = sourcecode.swift; path = PaysTabView.swift; sourceTree = "<group>"; };
		F5DFE80C289593D100C66520 /* PayAPI.swift */ = {isa = PBXFileReference; lastKnownFileType = sourcecode.swift; path = PayAPI.swift; sourceTree = "<group>"; };
		F5FC33D7289AE45600481476 /* PagingData.swift */ = {isa = PBXFileReference; lastKnownFileType = sourcecode.swift; path = PagingData.swift; sourceTree = "<group>"; };
		F5FC33DC289AE7EA00481476 /* PaysViewModel.swift */ = {isa = PBXFileReference; lastKnownFileType = sourcecode.swift; path = PaysViewModel.swift; sourceTree = "<group>"; };
/* End PBXFileReference section */

/* Begin PBXFrameworksBuildPhase section */
		F586BC3528907B4600756D6C /* Frameworks */ = {
			isa = PBXFrameworksBuildPhase;
			buildActionMask = 2147483647;
			files = (
				F5858EA028A76E6900418201 /* BottomSheet in Frameworks */,
			);
			runOnlyForDeploymentPostprocessing = 0;
		};
/* End PBXFrameworksBuildPhase section */

/* Begin PBXGroup section */
		F586BC2F28907B4600756D6C = {
			isa = PBXGroup;
			children = (
				F586BC3A28907B4600756D6C /* money-tell-ios */,
				F586BC3928907B4600756D6C /* Products */,
			);
			sourceTree = "<group>";
		};
		F586BC3928907B4600756D6C /* Products */ = {
			isa = PBXGroup;
			children = (
				F586BC3828907B4600756D6C /* money-tell-ios.app */,
			);
			name = Products;
			sourceTree = "<group>";
		};
		F586BC3A28907B4600756D6C /* money-tell-ios */ = {
			isa = PBXGroup;
			children = (
				F5FC33DB289AE7CD00481476 /* ViewModel */,
				F5FC33D6289AE43D00481476 /* Models */,
				F5FC33DA289AE6E100481476 /* Views */,
				F5FC33D9289AE64600481476 /* Api */,
				F586BC4128907B4A00756D6C /* Preview Content */,
				F586BC3D28907B4600756D6C /* ContentView.swift */,
				F586BC3B28907B4600756D6C /* money_tell_iosApp.swift */,
				F586BC3F28907B4A00756D6C /* Assets.xcassets */,
			);
			path = "money-tell-ios";
			sourceTree = "<group>";
		};
		F586BC4128907B4A00756D6C /* Preview Content */ = {
			isa = PBXGroup;
			children = (
				F586BC4228907B4A00756D6C /* Preview Assets.xcassets */,
			);
			path = "Preview Content";
			sourceTree = "<group>";
		};
		F5FC33D6289AE43D00481476 /* Models */ = {
			isa = PBXGroup;
			children = (
				F5FC33D7289AE45600481476 /* PagingData.swift */,
			);
			path = Models;
			sourceTree = "<group>";
		};
		F5FC33D9289AE64600481476 /* Api */ = {
			isa = PBXGroup;
			children = (
				F5DFE80C289593D100C66520 /* PayAPI.swift */,
			);
			path = Api;
			sourceTree = "<group>";
		};
		F5FC33DA289AE6E100481476 /* Views */ = {
			isa = PBXGroup;
			children = (
				F54A271328983D2100586CE8 /* PayRowView.swift */,
				F5DFE808289591DE00C66520 /* PaysTabView.swift */,
				F5858E9C28A6DC9800418201 /* TabBarIcon.swift */,
				F5858EA128A78CE700418201 /* TabBarView.swift */,
				F5858EA428A7908700418201 /* AddPayView.swift */,
				F51D3D5328AC378000C01B1A /* NavigationBarWrapperView.swift */,
			);
			path = Views;
			sourceTree = "<group>";
		};
		F5FC33DB289AE7CD00481476 /* ViewModel */ = {
			isa = PBXGroup;
			children = (
				F5FC33DC289AE7EA00481476 /* PaysViewModel.swift */,
			);
			path = ViewModel;
			sourceTree = "<group>";
		};
/* End PBXGroup section */

/* Begin PBXNativeTarget section */
		F586BC3728907B4600756D6C /* money-tell-ios */ = {
			isa = PBXNativeTarget;
			buildConfigurationList = F586BC4628907B4A00756D6C /* Build configuration list for PBXNativeTarget "money-tell-ios" */;
			buildPhases = (
				F586BC3428907B4600756D6C /* Sources */,
				F586BC3528907B4600756D6C /* Frameworks */,
				F586BC3628907B4600756D6C /* Resources */,
			);
			buildRules = (
			);
			dependencies = (
			);
			name = "money-tell-ios";
			packageProductDependencies = (
				F5858E9F28A76E6900418201 /* BottomSheet */,
			);
			productName = "money-tell-ios";
			productReference = F586BC3828907B4600756D6C /* money-tell-ios.app */;
			productType = "com.apple.product-type.application";
		};
/* End PBXNativeTarget section */

/* Begin PBXProject section */
		F586BC3028907B4600756D6C /* Project object */ = {
			isa = PBXProject;
			attributes = {
				BuildIndependentTargetsInParallel = 1;
				LastSwiftUpdateCheck = 1340;
				LastUpgradeCheck = 1340;
				TargetAttributes = {
					F586BC3728907B4600756D6C = {
						CreatedOnToolsVersion = 13.4.1;
					};
				};
			};
			buildConfigurationList = F586BC3328907B4600756D6C /* Build configuration list for PBXProject "money-tell-ios" */;
			compatibilityVersion = "Xcode 13.0";
			developmentRegion = en;
			hasScannedForEncodings = 0;
			knownRegions = (
				en,
				Base,
			);
			mainGroup = F586BC2F28907B4600756D6C;
			packageReferences = (
				F5858E9E28A76E6900418201 /* XCRemoteSwiftPackageReference "BottomSheet" */,
			);
			productRefGroup = F586BC3928907B4600756D6C /* Products */;
			projectDirPath = "";
			projectRoot = "";
			targets = (
				F586BC3728907B4600756D6C /* money-tell-ios */,
			);
		};
/* End PBXProject section */

/* Begin PBXResourcesBuildPhase section */
		F586BC3628907B4600756D6C /* Resources */ = {
			isa = PBXResourcesBuildPhase;
			buildActionMask = 2147483647;
			files = (
				F586BC4328907B4A00756D6C /* Preview Assets.xcassets in Resources */,
				F586BC4028907B4A00756D6C /* Assets.xcassets in Resources */,
			);
			runOnlyForDeploymentPostprocessing = 0;
		};
/* End PBXResourcesBuildPhase section */

/* Begin PBXSourcesBuildPhase section */
		F586BC3428907B4600756D6C /* Sources */ = {
			isa = PBXSourcesBuildPhase;
			buildActionMask = 2147483647;
			files = (
				F5858E9D28A6DC9800418201 /* TabBarIcon.swift in Sources */,
				F5858EA228A78CE700418201 /* TabBarView.swift in Sources */,
				F586BC3E28907B4600756D6C /* ContentView.swift in Sources */,
				F586BC3C28907B4600756D6C /* money_tell_iosApp.swift in Sources */,
				F5FC33D8289AE45600481476 /* PagingData.swift in Sources */,
				F5DFE80D289593D100C66520 /* PayAPI.swift in Sources */,
				F51D3D5428AC378000C01B1A /* NavigationBarWrapperView.swift in Sources */,
				F54A271428983D2100586CE8 /* PayRowView.swift in Sources */,
				F5DFE809289591DE00C66520 /* PaysTabView.swift in Sources */,
				F5FC33DD289AE7EA00481476 /* PaysViewModel.swift in Sources */,
				F5858EA528A7908800418201 /* AddPayView.swift in Sources */,
			);
			runOnlyForDeploymentPostprocessing = 0;
		};
/* End PBXSourcesBuildPhase section */

/* Begin XCBuildConfiguration section */
		F586BC4428907B4A00756D6C /* Debug */ = {
			isa = XCBuildConfiguration;
			buildSettings = {
				ALWAYS_SEARCH_USER_PATHS = NO;
				CLANG_ANALYZER_NONNULL = YES;
				CLANG_ANALYZER_NUMBER_OBJECT_CONVERSION = YES_AGGRESSIVE;
				CLANG_CXX_LANGUAGE_STANDARD = "gnu++17";
				CLANG_ENABLE_MODULES = YES;
				CLANG_ENABLE_OBJC_ARC = YES;
				CLANG_ENABLE_OBJC_WEAK = YES;
				CLANG_WARN_BLOCK_CAPTURE_AUTORELEASING = YES;
				CLANG_WARN_BOOL_CONVERSION = YES;
				CLANG_WARN_COMMA = YES;
				CLANG_WARN_CONSTANT_CONVERSION = YES;
				CLANG_WARN_DEPRECATED_OBJC_IMPLEMENTATIONS = YES;
				CLANG_WARN_DIRECT_OBJC_ISA_USAGE = YES_ERROR;
				CLANG_WARN_DOCUMENTATION_COMMENTS = YES;
				CLANG_WARN_EMPTY_BODY = YES;
				CLANG_WARN_ENUM_CONVERSION = YES;
				CLANG_WARN_INFINITE_RECURSION = YES;
				CLANG_WARN_INT_CONVERSION = YES;
				CLANG_WARN_NON_LITERAL_NULL_CONVERSION = YES;
				CLANG_WARN_OBJC_IMPLICIT_RETAIN_SELF = YES;
				CLANG_WARN_OBJC_LITERAL_CONVERSION = YES;
				CLANG_WARN_OBJC_ROOT_CLASS = YES_ERROR;
				CLANG_WARN_QUOTED_INCLUDE_IN_FRAMEWORK_HEADER = YES;
				CLANG_WARN_RANGE_LOOP_ANALYSIS = YES;
				CLANG_WARN_STRICT_PROTOTYPES = YES;
				CLANG_WARN_SUSPICIOUS_MOVE = YES;
				CLANG_WARN_UNGUARDED_AVAILABILITY = YES_AGGRESSIVE;
				CLANG_WARN_UNREACHABLE_CODE = YES;
				CLANG_WARN__DUPLICATE_METHOD_MATCH = YES;
				COPY_PHASE_STRIP = NO;
				DEBUG_INFORMATION_FORMAT = dwarf;
				ENABLE_STRICT_OBJC_MSGSEND = YES;
				ENABLE_TESTABILITY = YES;
				GCC_C_LANGUAGE_STANDARD = gnu11;
				GCC_DYNAMIC_NO_PIC = NO;
				GCC_NO_COMMON_BLOCKS = YES;
				GCC_OPTIMIZATION_LEVEL = 0;
				GCC_PREPROCESSOR_DEFINITIONS = (
					"DEBUG=1",
					"$(inherited)",
				);
				GCC_WARN_64_TO_32_BIT_CONVERSION = YES;
				GCC_WARN_ABOUT_RETURN_TYPE = YES_ERROR;
				GCC_WARN_UNDECLARED_SELECTOR = YES;
				GCC_WARN_UNINITIALIZED_AUTOS = YES_AGGRESSIVE;
				GCC_WARN_UNUSED_FUNCTION = YES;
				GCC_WARN_UNUSED_VARIABLE = YES;
				IPHONEOS_DEPLOYMENT_TARGET = 15.5;
				MTL_ENABLE_DEBUG_INFO = INCLUDE_SOURCE;
				MTL_FAST_MATH = YES;
				ONLY_ACTIVE_ARCH = YES;
				SDKROOT = iphoneos;
				SWIFT_ACTIVE_COMPILATION_CONDITIONS = DEBUG;
				SWIFT_OPTIMIZATION_LEVEL = "-Onone";
			};
			name = Debug;
		};
		F586BC4528907B4A00756D6C /* Release */ = {
			isa = XCBuildConfiguration;
			buildSettings = {
				ALWAYS_SEARCH_USER_PATHS = NO;
				CLANG_ANALYZER_NONNULL = YES;
				CLANG_ANALYZER_NUMBER_OBJECT_CONVERSION = YES_AGGRESSIVE;
				CLANG_CXX_LANGUAGE_STANDARD = "gnu++17";
				CLANG_ENABLE_MODULES = YES;
				CLANG_ENABLE_OBJC_ARC = YES;
				CLANG_ENABLE_OBJC_WEAK = YES;
				CLANG_WARN_BLOCK_CAPTURE_AUTORELEASING = YES;
				CLANG_WARN_BOOL_CONVERSION = YES;
				CLANG_WARN_COMMA = YES;
				CLANG_WARN_CONSTANT_CONVERSION = YES;
				CLANG_WARN_DEPRECATED_OBJC_IMPLEMENTATIONS = YES;
				CLANG_WARN_DIRECT_OBJC_ISA_USAGE = YES_ERROR;
				CLANG_WARN_DOCUMENTATION_COMMENTS = YES;
				CLANG_WARN_EMPTY_BODY = YES;
				CLANG_WARN_ENUM_CONVERSION = YES;
				CLANG_WARN_INFINITE_RECURSION = YES;
				CLANG_WARN_INT_CONVERSION = YES;
				CLANG_WARN_NON_LITERAL_NULL_CONVERSION = YES;
				CLANG_WARN_OBJC_IMPLICIT_RETAIN_SELF = YES;
				CLANG_WARN_OBJC_LITERAL_CONVERSION = YES;
				CLANG_WARN_OBJC_ROOT_CLASS = YES_ERROR;
				CLANG_WARN_QUOTED_INCLUDE_IN_FRAMEWORK_HEADER = YES;
				CLANG_WARN_RANGE_LOOP_ANALYSIS = YES;
				CLANG_WARN_STRICT_PROTOTYPES = YES;
				CLANG_WARN_SUSPICIOUS_MOVE = YES;
				CLANG_WARN_UNGUARDED_AVAILABILITY = YES_AGGRESSIVE;
				CLANG_WARN_UNREACHABLE_CODE = YES;
				CLANG_WARN__DUPLICATE_METHOD_MATCH = YES;
				COPY_PHASE_STRIP = NO;
				DEBUG_INFORMATION_FORMAT = "dwarf-with-dsym";
				ENABLE_NS_ASSERTIONS = NO;
				ENABLE_STRICT_OBJC_MSGSEND = YES;
				GCC_C_LANGUAGE_STANDARD = gnu11;
				GCC_NO_COMMON_BLOCKS = YES;
				GCC_WARN_64_TO_32_BIT_CONVERSION = YES;
				GCC_WARN_ABOUT_RETURN_TYPE = YES_ERROR;
				GCC_WARN_UNDECLARED_SELECTOR = YES;
				GCC_WARN_UNINITIALIZED_AUTOS = YES_AGGRESSIVE;
				GCC_WARN_UNUSED_FUNCTION = YES;
				GCC_WARN_UNUSED_VARIABLE = YES;
				IPHONEOS_DEPLOYMENT_TARGET = 15.5;
				MTL_ENABLE_DEBUG_INFO = NO;
				MTL_FAST_MATH = YES;
				SDKROOT = iphoneos;
				SWIFT_COMPILATION_MODE = wholemodule;
				SWIFT_OPTIMIZATION_LEVEL = "-O";
				VALIDATE_PRODUCT = YES;
			};
			name = Release;
		};
		F586BC4728907B4A00756D6C /* Debug */ = {
			isa = XCBuildConfiguration;
			buildSettings = {
				ASSETCATALOG_COMPILER_APPICON_NAME = AppIcon;
				ASSETCATALOG_COMPILER_GLOBAL_ACCENT_COLOR_NAME = AccentColor;
				CODE_SIGN_STYLE = Automatic;
				CURRENT_PROJECT_VERSION = 1;
				DEVELOPMENT_ASSET_PATHS = "\"money-tell-ios/Preview Content\"";
				DEVELOPMENT_TEAM = T369P3WL8L;
				ENABLE_PREVIEWS = YES;
				GENERATE_INFOPLIST_FILE = YES;
				INFOPLIST_KEY_UIApplicationSceneManifest_Generation = YES;
				INFOPLIST_KEY_UIApplicationSupportsIndirectInputEvents = YES;
				INFOPLIST_KEY_UILaunchScreen_Generation = YES;
				INFOPLIST_KEY_UISupportedInterfaceOrientations_iPad = "UIInterfaceOrientationPortrait UIInterfaceOrientationPortraitUpsideDown UIInterfaceOrientationLandscapeLeft UIInterfaceOrientationLandscapeRight";
				INFOPLIST_KEY_UISupportedInterfaceOrientations_iPhone = "UIInterfaceOrientationPortrait UIInterfaceOrientationLandscapeLeft UIInterfaceOrientationLandscapeRight";
				IPHONEOS_DEPLOYMENT_TARGET = 15.0;
				LD_RUNPATH_SEARCH_PATHS = (
					"$(inherited)",
					"@executable_path/Frameworks",
				);
				MARKETING_VERSION = 1.0;
				PRODUCT_BUNDLE_IDENTIFIER = "com.katalabut.money-tell-ios";
				PRODUCT_NAME = "$(TARGET_NAME)";
				SWIFT_EMIT_LOC_STRINGS = YES;
				SWIFT_VERSION = 5.0;
				TARGETED_DEVICE_FAMILY = 1;
			};
			name = Debug;
		};
		F586BC4828907B4A00756D6C /* Release */ = {
			isa = XCBuildConfiguration;
			buildSettings = {
				ASSETCATALOG_COMPILER_APPICON_NAME = AppIcon;
				ASSETCATALOG_COMPILER_GLOBAL_ACCENT_COLOR_NAME = AccentColor;
				CODE_SIGN_STYLE = Automatic;
				CURRENT_PROJECT_VERSION = 1;
				DEVELOPMENT_ASSET_PATHS = "\"money-tell-ios/Preview Content\"";
				DEVELOPMENT_TEAM = T369P3WL8L;
				ENABLE_PREVIEWS = YES;
				GENERATE_INFOPLIST_FILE = YES;
				INFOPLIST_KEY_UIApplicationSceneManifest_Generation = YES;
				INFOPLIST_KEY_UIApplicationSupportsIndirectInputEvents = YES;
				INFOPLIST_KEY_UILaunchScreen_Generation = YES;
				INFOPLIST_KEY_UISupportedInterfaceOrientations_iPad = "UIInterfaceOrientationPortrait UIInterfaceOrientationPortraitUpsideDown UIInterfaceOrientationLandscapeLeft UIInterfaceOrientationLandscapeRight";
				INFOPLIST_KEY_UISupportedInterfaceOrientations_iPhone = "UIInterfaceOrientationPortrait UIInterfaceOrientationLandscapeLeft UIInterfaceOrientationLandscapeRight";
				IPHONEOS_DEPLOYMENT_TARGET = 15.0;
				LD_RUNPATH_SEARCH_PATHS = (
					"$(inherited)",
					"@executable_path/Frameworks",
				);
				MARKETING_VERSION = 1.0;
				PRODUCT_BUNDLE_IDENTIFIER = "com.katalabut.money-tell-ios";
				PRODUCT_NAME = "$(TARGET_NAME)";
				SWIFT_EMIT_LOC_STRINGS = YES;
				SWIFT_VERSION = 5.0;
				TARGETED_DEVICE_FAMILY = 1;
			};
			name = Release;
		};
/* End XCBuildConfiguration section */

/* Begin XCConfigurationList section */
		F586BC3328907B4600756D6C /* Build configuration list for PBXProject "money-tell-ios" */ = {
			isa = XCConfigurationList;
			buildConfigurations = (
				F586BC4428907B4A00756D6C /* Debug */,
				F586BC4528907B4A00756D6C /* Release */,
			);
			defaultConfigurationIsVisible = 0;
			defaultConfigurationName = Release;
		};
		F586BC4628907B4A00756D6C /* Build configuration list for PBXNativeTarget "money-tell-ios" */ = {
			isa = XCConfigurationList;
			buildConfigurations = (
				F586BC4728907B4A00756D6C /* Debug */,
				F586BC4828907B4A00756D6C /* Release */,
			);
			defaultConfigurationIsVisible = 0;
			defaultConfigurationName = Release;
		};
/* End XCConfigurationList section */

/* Begin XCRemoteSwiftPackageReference section */
		F5858E9E28A76E6900418201 /* XCRemoteSwiftPackageReference "BottomSheet" */ = {
			isa = XCRemoteSwiftPackageReference;
			repositoryURL = "https://github.com/lucaszischka/BottomSheet";
			requirement = {
				kind = upToNextMajorVersion;
				minimumVersion = 3.0.0;
			};
		};
/* End XCRemoteSwiftPackageReference section */

/* Begin XCSwiftPackageProductDependency section */
		F5858E9F28A76E6900418201 /* BottomSheet */ = {
			isa = XCSwiftPackageProductDependency;
			package = F5858E9E28A76E6900418201 /* XCRemoteSwiftPackageReference "BottomSheet" */;
			productName = BottomSheet;
		};
/* End XCSwiftPackageProductDependency section */
	};
	rootObject = F586BC3028907B4600756D6C /* Project object */;
}
